
Microsoft Visual Studio Solution File, Format Version 12.00
# Visual Studio Version 17
VisualStudioVersion = 17.1.32210.238
MinimumVisualStudioVersion = 10.0.40219.1
Project("{FAE04EC0-301F-11D3-BF4B-00C04F79EFBC}") = "DodawanieItemuKindlgemTylkoHP", "DodawanieItemuKindlgemTylkoHP\DodawanieItemuKindlgemTylkoHP.csproj", "{80811AC6-CA1F-4EA7-845B-CAB34FD33E17}"
EndProject
Global
	GlobalSection(SolutionConfigurationPlatforms) = preSolution
		Debug|Any CPU = Debug|Any CPU
		Release|Any CPU = Release|Any CPU
	EndGlobalSection
	GlobalSection(ProjectConfigurationPlatforms) = postSolution
		{80811AC6-CA1F-4EA7-845B-CAB34FD33E17}.Debug|Any CPU.ActiveCfg = Debug|Any CPU
		{80811AC6-CA1F-4EA7-845B-CAB34FD33E17}.Debug|Any CPU.Build.0 = Debug|Any CPU
		{80811AC6-CA1F-4EA7-845B-CAB34FD33E17}.Release|Any CPU.ActiveCfg = Release|Any CPU
		{80811AC6-CA1F-4EA7-845B-CAB34FD33E17}.Release|Any CPU.Build.0 = Release|Any CPU
	EndGlobalSection
	GlobalSection(SolutionProperties) = preSolution
		HideSolutionNode = FALSE
	EndGlobalSection
	GlobalSection(ExtensibilityGlobals) = postSolution
		SolutionGuid = {521224E1-0F51-4861-824C-24A5D731C536}
	EndGlobalSection
EndGlobal
